
Microsoft Visual Studio Solution File, Format Version 12.00
# Visual Studio Version 17
VisualStudioVersion = 17.1.32228.430
MinimumVisualStudioVersion = 10.0.40219.1
Project("{FAE04EC0-301F-11D3-BF4B-00C04F79EFBC}") = "APITempo", "APITempo.csproj", "{CC5DCFF6-765E-482B-9109-3F92D77475E4}"
EndProject
Global
	GlobalSection(SolutionConfigurationPlatforms) = preSolution
		Debug|Any CPU = Debug|Any CPU
		Release|Any CPU = Release|Any CPU
	EndGlobalSection
	GlobalSection(ProjectConfigurationPlatforms) = postSolution
		{CC5DCFF6-765E-482B-9109-3F92D77475E4}.Debug|Any CPU.ActiveCfg = Debug|Any CPU
		{CC5DCFF6-765E-482B-9109-3F92D77475E4}.Debug|Any CPU.Build.0 = Debug|Any CPU
		{CC5DCFF6-765E-482B-9109-3F92D77475E4}.Release|Any CPU.ActiveCfg = Release|Any CPU
		{CC5DCFF6-765E-482B-9109-3F92D77475E4}.Release|Any CPU.Build.0 = Release|Any CPU
	EndGlobalSection
	GlobalSection(SolutionProperties) = preSolution
		HideSolutionNode = FALSE
	EndGlobalSection
	GlobalSection(ExtensibilityGlobals) = postSolution
		SolutionGuid = {526E6B23-855C-453B-B090-DE2BC7E09D19}
	EndGlobalSection
EndGlobal
